// !$*UTF8*$!
{
	archiveVersion = 1;
	classes = {
	};
	objectVersion = 46;
	objects = {

/* Begin PBXBuildFile section */
		BBC6BA6D1C4B717200F2585B /* main.m in Sources */ = {isa = PBXBuildFile; fileRef = BBC6BA6C1C4B717200F2585B /* main.m */; };
		BBC6BA701C4B717200F2585B /* AppDelegate.m in Sources */ = {isa = PBXBuildFile; fileRef = BBC6BA6F1C4B717200F2585B /* AppDelegate.m */; };
		BBC6BA731C4B717200F2585B /* ViewController.m in Sources */ = {isa = PBXBuildFile; fileRef = BBC6BA721C4B717200F2585B /* ViewController.m */; };
		BBC6BA761C4B717200F2585B /* Main.storyboard in Resources */ = {isa = PBXBuildFile; fileRef = BBC6BA741C4B717200F2585B /* Main.storyboard */; };
		BBC6BA781C4B717200F2585B /* Assets.xcassets in Resources */ = {isa = PBXBuildFile; fileRef = BBC6BA771C4B717200F2585B /* Assets.xcassets */; };
		BBC6BA7B1C4B717200F2585B /* LaunchScreen.storyboard in Resources */ = {isa = PBXBuildFile; fileRef = BBC6BA791C4B717200F2585B /* LaunchScreen.storyboard */; };
		BBC6BA841C4B73AA00F2585B /* BLENavigationController.m in Sources */ = {isa = PBXBuildFile; fileRef = BBC6BA831C4B73AA00F2585B /* BLENavigationController.m */; settings = {ASSET_TAGS = (); }; };
/* End PBXBuildFile section */

/* Begin PBXFileReference section */
		BBC6BA681C4B717200F2585B /* 全屏侧滑返回效果.app */ = {isa = PBXFileReference; explicitFileType = wrapper.application; includeInIndex = 0; path = "全屏侧滑返回效果.app"; sourceTree = BUILT_PRODUCTS_DIR; };
		BBC6BA6C1C4B717200F2585B /* main.m */ = {isa = PBXFileReference; lastKnownFileType = sourcecode.c.objc; path = main.m; sourceTree = "<group>"; };
		BBC6BA6E1C4B717200F2585B /* AppDelegate.h */ = {isa = PBXFileReference; lastKnownFileType = sourcecode.c.h; path = AppDelegate.h; sourceTree = "<group>"; };
		BBC6BA6F1C4B717200F2585B /* AppDelegate.m */ = {isa = PBXFileReference; lastKnownFileType = sourcecode.c.objc; path = AppDelegate.m; sourceTree = "<group>"; };
		BBC6BA711C4B717200F2585B /* ViewController.h */ = {isa = PBXFileReference; lastKnownFileType = sourcecode.c.h; path = ViewController.h; sourceTree = "<group>"; };
		BBC6BA721C4B717200F2585B /* ViewController.m */ = {isa = PBXFileReference; lastKnownFileType = sourcecode.c.objc; path = ViewController.m; sourceTree = "<group>"; };
		BBC6BA751C4B717200F2585B /* Base */ = {isa = PBXFileReference; lastKnownFileType = file.storyboard; name = Base; path = Base.lproj/Main.storyboard; sourceTree = "<group>"; };
		BBC6BA771C4B717200F2585B /* Assets.xcassets */ = {isa = PBXFileReference; lastKnownFileType = folder.assetcatalog; path = Assets.xcassets; sourceTree = "<group>"; };
		BBC6BA7A1C4B717200F2585B /* Base */ = {isa = PBXFileReference; lastKnownFileType = file.storyboard; name = Base; path = Base.lproj/LaunchScreen.storyboard; sourceTree = "<group>"; };
		BBC6BA7C1C4B717200F2585B /* Info.plist */ = {isa = PBXFileReference; lastKnownFileType = text.plist.xml; path = Info.plist; sourceTree = "<group>"; };
		BBC6BA821C4B73AA00F2585B /* BLENavigationController.h */ = {isa = PBXFileReference; fileEncoding = 4; lastKnownFileType = sourcecode.c.h; path = BLENavigationController.h; sourceTree = "<group>"; };
		BBC6BA831C4B73AA00F2585B /* BLENavigationController.m */ = {isa = PBXFileReference; fileEncoding = 4; lastKnownFileType = sourcecode.c.objc; path = BLENavigationController.m; sourceTree = "<group>"; };
/* End PBXFileReference section */

/* Begin PBXFrameworksBuildPhase section */
		BBC6BA651C4B717200F2585B /* Frameworks */ = {
			isa = PBXFrameworksBuildPhase;
			buildActionMask = 2147483647;
			files = (
			);
			runOnlyForDeploymentPostprocessing = 0;
		};
/* End PBXFrameworksBuildPhase section */

/* Begin PBXGroup section */
		BBC6BA5F1C4B717200F2585B = {
			isa = PBXGroup;
			children = (
				BBC6BA6A1C4B717200F2585B /* 全屏侧滑返回效果 */,
				BBC6BA691C4B717200F2585B /* Products */,
			);
			sourceTree = "<group>";
		};
		BBC6BA691C4B717200F2585B /* Products */ = {
			isa = PBXGroup;
			children = (
				BBC6BA681C4B717200F2585B /* 全屏侧滑返回效果.app */,
			);
			name = Products;
			sourceTree = "<group>";
		};
		BBC6BA6A1C4B717200F2585B /* 全屏侧滑返回效果 */ = {
			isa = PBXGroup;
			children = (
				BBC6BA6E1C4B717200F2585B /* AppDelegate.h */,
				BBC6BA6F1C4B717200F2585B /* AppDelegate.m */,
				BBC6BA711C4B717200F2585B /* ViewController.h */,
				BBC6BA721C4B717200F2585B /* ViewController.m */,
				BBC6BA821C4B73AA00F2585B /* BLENavigationController.h */,
				BBC6BA831C4B73AA00F2585B /* BLENavigationController.m */,
				BBC6BA741C4B717200F2585B /* Main.storyboard */,
				BBC6BA771C4B717200F2585B /* Assets.xcassets */,
				BBC6BA791C4B717200F2585B /* LaunchScreen.storyboard */,
				BBC6BA7C1C4B717200F2585B /* Info.plist */,
				BBC6BA6B1C4B717200F2585B /* Supporting Files */,
			);
			path = "全屏侧滑返回效果";
			sourceTree = "<group>";
		};
		BBC6BA6B1C4B717200F2585B /* Supporting Files */ = {
			isa = PBXGroup;
			children = (
				BBC6BA6C1C4B717200F2585B /* main.m */,
			);
			name = "Supporting Files";
			sourceTree = "<group>";
		};
/* End PBXGroup section */

/* Begin PBXNativeTarget section */
		BBC6BA671C4B717200F2585B /* 全屏侧滑返回效果 */ = {
			isa = PBXNativeTarget;
			buildConfigurationList = BBC6BA7F1C4B717200F2585B /* Build configuration list for PBXNativeTarget "全屏侧滑返回效果" */;
			buildPhases = (
				BBC6BA641C4B717200F2585B /* Sources */,
				BBC6BA651C4B717200F2585B /* Frameworks */,
				BBC6BA661C4B717200F2585B /* Resources */,
			);
			buildRules = (
			);
			dependencies = (
			);
			name = "全屏侧滑返回效果";
			productName = "全屏侧滑返回效果";
			productReference = BBC6BA681C4B717200F2585B /* 全屏侧滑返回效果.app */;
			productType = "com.apple.product-type.application";
		};
/* End PBXNativeTarget section */

/* Begin PBXProject section */
		BBC6BA601C4B717200F2585B /* Project object */ = {
			isa = PBXProject;
			attributes = {
				LastUpgradeCheck = 0700;
				ORGANIZATIONNAME = BlueEagleBoy;
				TargetAttributes = {
					BBC6BA671C4B717200F2585B = {
						CreatedOnToolsVersion = 7.0.1;
						DevelopmentTeam = JV36RFEX68;
					};
				};
			};
			buildConfigurationList = BBC6BA631C4B717200F2585B /* Build configuration list for PBXProject "全屏侧滑返回效果" */;
			compatibilityVersion = "Xcode 3.2";
			developmentRegion = English;
			hasScannedForEncodings = 0;
			knownRegions = (
				en,
				Base,
			);
			mainGroup = BBC6BA5F1C4B717200F2585B;
			productRefGroup = BBC6BA691C4B717200F2585B /* Products */;
			projectDirPath = "";
			projectRoot = "";
			targets = (
				BBC6BA671C4B717200F2585B /* 全屏侧滑返回效果 */,
			);
		};
/* End PBXProject section */

/* Begin PBXResourcesBuildPhase section */
		BBC6BA661C4B717200F2585B /* Resources */ = {
			isa = PBXResourcesBuildPhase;
			buildActionMask = 2147483647;
			files = (
				BBC6BA7B1C4B717200F2585B /* LaunchScreen.storyboard in Resources */,
				BBC6BA781C4B717200F2585B /* Assets.xcassets in Resources */,
				BBC6BA761C4B717200F2585B /* Main.storyboard in Resources */,
			);
			runOnlyForDeploymentPostprocessing = 0;
		};
/* End PBXResourcesBuildPhase section */

/* Begin PBXSourcesBuildPhase section */
		BBC6BA641C4B717200F2585B /* Sources */ = {
			isa = PBXSourcesBuildPhase;
			buildActionMask = 2147483647;
			files = (
				BBC6BA731C4B717200F2585B /* ViewController.m in Sources */,
				BBC6BA701C4B717200F2585B /* AppDelegate.m in Sources */,
				BBC6BA6D1C4B717200F2585B /* main.m in Sources */,
				BBC6BA841C4B73AA00F2585B /* BLENavigationController.m in Sources */,
			);
			runOnlyForDeploymentPostprocessing = 0;
		};
/* End PBXSourcesBuildPhase section */

/* Begin PBXVariantGroup section */
		BBC6BA741C4B717200F2585B /* Main.storyboard */ = {
			isa = PBXVariantGroup;
			children = (
				BBC6BA751C4B717200F2585B /* Base */,
			);
			name = Main.storyboard;
			sourceTree = "<group>";
		};
		BBC6BA791C4B717200F2585B /* LaunchScreen.storyboard */ = {
			isa = PBXVariantGroup;
			children = (
				BBC6BA7A1C4B717200F2585B /* Base */,
			);
			name = LaunchScreen.storyboard;
			sourceTree = "<group>";
		};
/* End PBXVariantGroup section */

/* Begin XCBuildConfiguration section */
		BBC6BA7D1C4B717200F2585B /* Debug */ = {
			isa = XCBuildConfiguration;
			buildSettings = {
				ALWAYS_SEARCH_USER_PATHS = NO;
				CLANG_CXX_LANGUAGE_STANDARD = "gnu++0x";
				CLANG_CXX_LIBRARY = "libc++";
				CLANG_ENABLE_MODULES = YES;
				CLANG_ENABLE_OBJC_ARC = YES;
				CLANG_WARN_BOOL_CONVERSION = YES;
				CLANG_WARN_CONSTANT_CONVERSION = YES;
				CLANG_WARN_DIRECT_OBJC_ISA_USAGE = YES_ERROR;
				CLANG_WARN_EMPTY_BODY = YES;
				CLANG_WARN_ENUM_CONVERSION = YES;
				CLANG_WARN_INT_CONVERSION = YES;
				CLANG_WARN_OBJC_ROOT_CLASS = YES_ERROR;
				CLANG_WARN_UNREACHABLE_CODE = YES;
				CLANG_WARN__DUPLICATE_METHOD_MATCH = YES;
				"CODE_SIGN_IDENTITY[sdk=iphoneos*]" = "iPhone Developer";
				COPY_PHASE_STRIP = NO;
				DEBUG_INFORMATION_FORMAT = dwarf;
				ENABLE_STRICT_OBJC_MSGSEND = YES;
				ENABLE_TESTABILITY = YES;
				GCC_C_LANGUAGE_STANDARD = gnu99;
				GCC_DYNAMIC_NO_PIC = NO;
				GCC_NO_COMMON_BLOCKS = YES;
				GCC_OPTIMIZATION_LEVEL = 0;
				GCC_PREPROCESSOR_DEFINITIONS = (
					"DEBUG=1",
					"$(inherited)",
				);
				GCC_WARN_64_TO_32_BIT_CONVERSION = YES;
				GCC_WARN_ABOUT_RETURN_TYPE = YES_ERROR;
				GCC_WARN_UNDECLARED_SELECTOR = YES;
				GCC_WARN_UNINITIALIZED_AUTOS = YES_AGGRESSIVE;
				GCC_WARN_UNUSED_FUNCTION = YES;
				GCC_WARN_UNUSED_VARIABLE = YES;
				IPHONEOS_DEPLOYMENT_TARGET = 9.0;
				MTL_ENABLE_DEBUG_INFO = YES;
				ONLY_ACTIVE_ARCH = YES;
				SDKROOT = iphoneos;
				TARGETED_DEVICE_FAMILY = "1,2";
			};
			name = Debug;
		};
		BBC6BA7E1C4B717200F2585B /* Release */ = {
			isa = XCBuildConfiguration;
			buildSettings = {
				ALWAYS_SEARCH_USER_PATHS = NO;
				CLANG_CXX_LANGUAGE_STANDARD = "gnu++0x";
				CLANG_CXX_LIBRARY = "libc++";
				CLANG_ENABLE_MODULES = YES;
				CLANG_ENABLE_OBJC_ARC = YES;
				CLANG_WARN_BOOL_CONVERSION = YES;
				CLANG_WARN_CONSTANT_CONVERSION = YES;
				CLANG_WARN_DIRECT_OBJC_ISA_USAGE = YES_ERROR;
				CLANG_WARN_EMPTY_BODY = YES;
				CLANG_WARN_ENUM_CONVERSION = YES;
				CLANG_WARN_INT_CONVERSION = YES;
				CLANG_WARN_OBJC_ROOT_CLASS = YES_ERROR;
				CLANG_WARN_UNREACHABLE_CODE = YES;
				CLANG_WARN__DUPLICATE_METHOD_MATCH = YES;
				"CODE_SIGN_IDENTITY[sdk=iphoneos*]" = "iPhone Developer";
				COPY_PHASE_STRIP = NO;
				DEBUG_INFORMATION_FORMAT = "dwarf-with-dsym";
				ENABLE_NS_ASSERTIONS = NO;
				ENABLE_STRICT_OBJC_MSGSEND = YES;
				GCC_C_LANGUAGE_STANDARD = gnu99;
				GCC_NO_COMMON_BLOCKS = YES;
				GCC_WARN_64_TO_32_BIT_CONVERSION = YES;
				GCC_WARN_ABOUT_RETURN_TYPE = YES_ERROR;
				GCC_WARN_UNDECLARED_SELECTOR = YES;
				GCC_WARN_UNINITIALIZED_AUTOS = YES_AGGRESSIVE;
				GCC_WARN_UNUSED_FUNCTION = YES;
				GCC_WARN_UNUSED_VARIABLE = YES;
				IPHONEOS_DEPLOYMENT_TARGET = 9.0;
				MTL_ENABLE_DEBUG_INFO = NO;
				SDKROOT = iphoneos;
				TARGETED_DEVICE_FAMILY = "1,2";
				VALIDATE_PRODUCT = YES;
			};
			name = Release;
		};
		BBC6BA801C4B717200F2585B /* Debug */ = {
			isa = XCBuildConfiguration;
			buildSettings = {
				ASSETCATALOG_COMPILER_APPICON_NAME = AppIcon;
				INFOPLIST_FILE = "全屏侧滑返回效果/Info.plist";
				LD_RUNPATH_SEARCH_PATHS = "$(inherited) @executable_path/Frameworks";
				PRODUCT_BUNDLE_IDENTIFIER = "com.buleeagle.--------";
				PRODUCT_NAME = "$(TARGET_NAME)";
			};
			name = Debug;
		};
		BBC6BA811C4B717200F2585B /* Release */ = {
			isa = XCBuildConfiguration;
			buildSettings = {
				ASSETCATALOG_COMPILER_APPICON_NAME = AppIcon;
				INFOPLIST_FILE = "全屏侧滑返回效果/Info.plist";
				LD_RUNPATH_SEARCH_PATHS = "$(inherited) @executable_path/Frameworks";
				PRODUCT_BUNDLE_IDENTIFIER = "com.buleeagle.--------";
				PRODUCT_NAME = "$(TARGET_NAME)";
			};
			name = Release;
		};
/* End XCBuildConfiguration section */

/* Begin XCConfigurationList section */
		BBC6BA631C4B717200F2585B /* Build configuration list for PBXProject "全屏侧滑返回效果" */ = {
			isa = XCConfigurationList;
			buildConfigurations = (
				BBC6BA7D1C4B717200F2585B /* Debug */,
				BBC6BA7E1C4B717200F2585B /* Release */,
			);
			defaultConfigurationIsVisible = 0;
			defaultConfigurationName = Release;
		};
		BBC6BA7F1C4B717200F2585B /* Build configuration list for PBXNativeTarget "全屏侧滑返回效果" */ = {
			isa = XCConfigurationList;
			buildConfigurations = (
				BBC6BA801C4B717200F2585B /* Debug */,
				BBC6BA811C4B717200F2585B /* Release */,
			);
			defaultConfigurationIsVisible = 0;
		};
/* End XCConfigurationList section */
	};
	rootObject = BBC6BA601C4B717200F2585B /* Project object */;
}
